// !$*UTF8*$!
{
	archiveVersion = 1;
	classes = {
	};
	objectVersion = 50;
	objects = {

/* Begin PBXBuildFile section */
		337EA820F3FB248C045CAB69 /* Pods_Seattle_Commons_Map.framework in Frameworks */ = {isa = PBXBuildFile; fileRef = 2BAA9EBAC718F63F6BFC27C8 /* Pods_Seattle_Commons_Map.framework */; };
		4C8CA59522724D3600D7D487 /* features.geojson in Resources */ = {isa = PBXBuildFile; fileRef = 4C8CA59422724D3600D7D487 /* features.geojson */; };
		4C8CA5982272698A00D7D487 /* README.md in Resources */ = {isa = PBXBuildFile; fileRef = 4C8CA5972272698900D7D487 /* README.md */; };
		4CACFA12227157920003CFBC /* AppDelegate.swift in Sources */ = {isa = PBXBuildFile; fileRef = 4CACFA11227157920003CFBC /* AppDelegate.swift */; };
		4CACFA14227157920003CFBC /* MapViewController.swift in Sources */ = {isa = PBXBuildFile; fileRef = 4CACFA13227157920003CFBC /* MapViewController.swift */; };
		4CACFA1A227157920003CFBC /* Seattle_Commons_Map.xcdatamodeld in Sources */ = {isa = PBXBuildFile; fileRef = 4CACFA18227157920003CFBC /* Seattle_Commons_Map.xcdatamodeld */; };
		4CACFA1C227157950003CFBC /* Assets.xcassets in Resources */ = {isa = PBXBuildFile; fileRef = 4CACFA1B227157950003CFBC /* Assets.xcassets */; };
		4CACFA1F227157950003CFBC /* LaunchScreen.storyboard in Resources */ = {isa = PBXBuildFile; fileRef = 4CACFA1D227157950003CFBC /* LaunchScreen.storyboard */; };
		4CACFA2A227157950003CFBC /* Seattle_Commons_MapTests.swift in Sources */ = {isa = PBXBuildFile; fileRef = 4CACFA29227157950003CFBC /* Seattle_Commons_MapTests.swift */; };
		4CE169DA2272288D00AF1E82 /* MapDataSource.swift in Sources */ = {isa = PBXBuildFile; fileRef = 4CE169D92272288D00AF1E82 /* MapDataSource.swift */; };
		FE189C7F30807BC4B50040B4 /* Pods_Seattle_Commons_MapTests.framework in Frameworks */ = {isa = PBXBuildFile; fileRef = 3B885B8DE35D9CB2264261D9 /* Pods_Seattle_Commons_MapTests.framework */; };
/* End PBXBuildFile section */

/* Begin PBXContainerItemProxy section */
		4CACFA26227157950003CFBC /* PBXContainerItemProxy */ = {
			isa = PBXContainerItemProxy;
			containerPortal = 4CACFA06227157910003CFBC /* Project object */;
			proxyType = 1;
			remoteGlobalIDString = 4CACFA0D227157920003CFBC;
			remoteInfo = "Seattle Commons Map";
		};
/* End PBXContainerItemProxy section */

/* Begin PBXFileReference section */
		045C57239404D7214507B26B /* Pods-Seattle Commons MapTests.debug.xcconfig */ = {isa = PBXFileReference; includeInIndex = 1; lastKnownFileType = text.xcconfig; name = "Pods-Seattle Commons MapTests.debug.xcconfig"; path = "Pods/Target Support Files/Pods-Seattle Commons MapTests/Pods-Seattle Commons MapTests.debug.xcconfig"; sourceTree = "<group>"; };
		05C671CAA6B6570DD94EC383 /* Pods-Seattle Commons Map.debug.xcconfig */ = {isa = PBXFileReference; includeInIndex = 1; lastKnownFileType = text.xcconfig; name = "Pods-Seattle Commons Map.debug.xcconfig"; path = "Pods/Target Support Files/Pods-Seattle Commons Map/Pods-Seattle Commons Map.debug.xcconfig"; sourceTree = "<group>"; };
		2BAA9EBAC718F63F6BFC27C8 /* Pods_Seattle_Commons_Map.framework */ = {isa = PBXFileReference; explicitFileType = wrapper.framework; includeInIndex = 0; path = Pods_Seattle_Commons_Map.framework; sourceTree = BUILT_PRODUCTS_DIR; };
		3B885B8DE35D9CB2264261D9 /* Pods_Seattle_Commons_MapTests.framework */ = {isa = PBXFileReference; explicitFileType = wrapper.framework; includeInIndex = 0; path = Pods_Seattle_Commons_MapTests.framework; sourceTree = BUILT_PRODUCTS_DIR; };
		4C8CA59422724D3600D7D487 /* features.geojson */ = {isa = PBXFileReference; fileEncoding = 4; lastKnownFileType = text; path = features.geojson; sourceTree = "<group>"; };
		4C8CA5972272698900D7D487 /* README.md */ = {isa = PBXFileReference; fileEncoding = 4; lastKnownFileType = net.daringfireball.markdown; path = README.md; sourceTree = "<group>"; };
		4CACFA0E227157920003CFBC /* Seattle Commons Map.app */ = {isa = PBXFileReference; explicitFileType = wrapper.application; includeInIndex = 0; path = "Seattle Commons Map.app"; sourceTree = BUILT_PRODUCTS_DIR; };
		4CACFA11227157920003CFBC /* AppDelegate.swift */ = {isa = PBXFileReference; lastKnownFileType = sourcecode.swift; path = AppDelegate.swift; sourceTree = "<group>"; };
		4CACFA13227157920003CFBC /* MapViewController.swift */ = {isa = PBXFileReference; lastKnownFileType = sourcecode.swift; path = MapViewController.swift; sourceTree = "<group>"; };
		4CACFA19227157920003CFBC /* Seattle_Commons_Map.xcdatamodel */ = {isa = PBXFileReference; lastKnownFileType = wrapper.xcdatamodel; path = Seattle_Commons_Map.xcdatamodel; sourceTree = "<group>"; };
		4CACFA1B227157950003CFBC /* Assets.xcassets */ = {isa = PBXFileReference; lastKnownFileType = folder.assetcatalog; path = Assets.xcassets; sourceTree = "<group>"; };
		4CACFA1E227157950003CFBC /* Base */ = {isa = PBXFileReference; lastKnownFileType = file.storyboard; name = Base; path = Base.lproj/LaunchScreen.storyboard; sourceTree = "<group>"; };
		4CACFA20227157950003CFBC /* Info.plist */ = {isa = PBXFileReference; lastKnownFileType = text.plist.xml; path = Info.plist; sourceTree = "<group>"; };
		4CACFA25227157950003CFBC /* Seattle Commons MapTests.xctest */ = {isa = PBXFileReference; explicitFileType = wrapper.cfbundle; includeInIndex = 0; path = "Seattle Commons MapTests.xctest"; sourceTree = BUILT_PRODUCTS_DIR; };
		4CACFA29227157950003CFBC /* Seattle_Commons_MapTests.swift */ = {isa = PBXFileReference; lastKnownFileType = sourcecode.swift; path = Seattle_Commons_MapTests.swift; sourceTree = "<group>"; };
		4CACFA2B227157950003CFBC /* Info.plist */ = {isa = PBXFileReference; lastKnownFileType = text.plist.xml; path = Info.plist; sourceTree = "<group>"; };
		4CE169D92272288D00AF1E82 /* MapDataSource.swift */ = {isa = PBXFileReference; lastKnownFileType = sourcecode.swift; path = MapDataSource.swift; sourceTree = "<group>"; };
		9D0EEC227842EC4D71616A37 /* Pods-Seattle Commons MapTests.release.xcconfig */ = {isa = PBXFileReference; includeInIndex = 1; lastKnownFileType = text.xcconfig; name = "Pods-Seattle Commons MapTests.release.xcconfig"; path = "Pods/Target Support Files/Pods-Seattle Commons MapTests/Pods-Seattle Commons MapTests.release.xcconfig"; sourceTree = "<group>"; };
		A5A2EDB3611D60ADDCF95E74 /* Pods-Seattle Commons Map.release.xcconfig */ = {isa = PBXFileReference; includeInIndex = 1; lastKnownFileType = text.xcconfig; name = "Pods-Seattle Commons Map.release.xcconfig"; path = "Pods/Target Support Files/Pods-Seattle Commons Map/Pods-Seattle Commons Map.release.xcconfig"; sourceTree = "<group>"; };
/* End PBXFileReference section */

/* Begin PBXFrameworksBuildPhase section */
		4CACFA0B227157920003CFBC /* Frameworks */ = {
			isa = PBXFrameworksBuildPhase;
			buildActionMask = 2147483647;
			files = (
				337EA820F3FB248C045CAB69 /* Pods_Seattle_Commons_Map.framework in Frameworks */,
			);
			runOnlyForDeploymentPostprocessing = 0;
		};
		4CACFA22227157950003CFBC /* Frameworks */ = {
			isa = PBXFrameworksBuildPhase;
			buildActionMask = 2147483647;
			files = (
				FE189C7F30807BC4B50040B4 /* Pods_Seattle_Commons_MapTests.framework in Frameworks */,
			);
			runOnlyForDeploymentPostprocessing = 0;
		};
/* End PBXFrameworksBuildPhase section */

/* Begin PBXGroup section */
		2C41270E7DA571AC4EF6EA83 /* Pods */ = {
			isa = PBXGroup;
			children = (
				05C671CAA6B6570DD94EC383 /* Pods-Seattle Commons Map.debug.xcconfig */,
				A5A2EDB3611D60ADDCF95E74 /* Pods-Seattle Commons Map.release.xcconfig */,
				045C57239404D7214507B26B /* Pods-Seattle Commons MapTests.debug.xcconfig */,
				9D0EEC227842EC4D71616A37 /* Pods-Seattle Commons MapTests.release.xcconfig */,
			);
			name = Pods;
			sourceTree = "<group>";
		};
		4CACFA05227157910003CFBC = {
			isa = PBXGroup;
			children = (
				4C8CA5972272698900D7D487 /* README.md */,
				4CACFA10227157920003CFBC /* Seattle Commons Map */,
				4CACFA28227157950003CFBC /* Seattle Commons MapTests */,
				4CACFA0F227157920003CFBC /* Products */,
				2C41270E7DA571AC4EF6EA83 /* Pods */,
				D41758DAB704C0AADFAB4D93 /* Frameworks */,
			);
			sourceTree = "<group>";
		};
		4CACFA0F227157920003CFBC /* Products */ = {
			isa = PBXGroup;
			children = (
				4CACFA0E227157920003CFBC /* Seattle Commons Map.app */,
				4CACFA25227157950003CFBC /* Seattle Commons MapTests.xctest */,
			);
			name = Products;
			sourceTree = "<group>";
		};
		4CACFA10227157920003CFBC /* Seattle Commons Map */ = {
			isa = PBXGroup;
			children = (
				4C8CA59422724D3600D7D487 /* features.geojson */,
				4CACFA11227157920003CFBC /* AppDelegate.swift */,
				4CACFA13227157920003CFBC /* MapViewController.swift */,
				4CACFA1B227157950003CFBC /* Assets.xcassets */,
				4CACFA1D227157950003CFBC /* LaunchScreen.storyboard */,
				4CACFA20227157950003CFBC /* Info.plist */,
				4CACFA18227157920003CFBC /* Seattle_Commons_Map.xcdatamodeld */,
				4CE169D92272288D00AF1E82 /* MapDataSource.swift */,
			);
			path = "Seattle Commons Map";
			sourceTree = "<group>";
		};
		4CACFA28227157950003CFBC /* Seattle Commons MapTests */ = {
			isa = PBXGroup;
			children = (
				4CACFA29227157950003CFBC /* Seattle_Commons_MapTests.swift */,
				4CACFA2B227157950003CFBC /* Info.plist */,
			);
			path = "Seattle Commons MapTests";
			sourceTree = "<group>";
		};
		D41758DAB704C0AADFAB4D93 /* Frameworks */ = {
			isa = PBXGroup;
			children = (
				2BAA9EBAC718F63F6BFC27C8 /* Pods_Seattle_Commons_Map.framework */,
				3B885B8DE35D9CB2264261D9 /* Pods_Seattle_Commons_MapTests.framework */,
			);
			name = Frameworks;
			sourceTree = "<group>";
		};
/* End PBXGroup section */

/* Begin PBXNativeTarget section */
		4CACFA0D227157920003CFBC /* Seattle Commons Map */ = {
			isa = PBXNativeTarget;
			buildConfigurationList = 4CACFA2E227157950003CFBC /* Build configuration list for PBXNativeTarget "Seattle Commons Map" */;
			buildPhases = (
				AFD4F6CBD4C4CA182EB75E3A /* [CP] Check Pods Manifest.lock */,
				4CACFA0A227157920003CFBC /* Sources */,
				4CACFA0B227157920003CFBC /* Frameworks */,
				4CACFA0C227157920003CFBC /* Resources */,
				6FE137EC38BBB48C4062F867 /* [CP] Embed Pods Frameworks */,
			);
			buildRules = (
			);
			dependencies = (
			);
			name = "Seattle Commons Map";
			productName = "Seattle Commons Map";
			productReference = 4CACFA0E227157920003CFBC /* Seattle Commons Map.app */;
			productType = "com.apple.product-type.application";
		};
		4CACFA24227157950003CFBC /* Seattle Commons MapTests */ = {
			isa = PBXNativeTarget;
			buildConfigurationList = 4CACFA31227157950003CFBC /* Build configuration list for PBXNativeTarget "Seattle Commons MapTests" */;
			buildPhases = (
				EE72C7080D2F1C9200452EC6 /* [CP] Check Pods Manifest.lock */,
				4CACFA21227157950003CFBC /* Sources */,
				4CACFA22227157950003CFBC /* Frameworks */,
				4CACFA23227157950003CFBC /* Resources */,
			);
			buildRules = (
			);
			dependencies = (
				4CACFA27227157950003CFBC /* PBXTargetDependency */,
			);
			name = "Seattle Commons MapTests";
			productName = "Seattle Commons MapTests";
			productReference = 4CACFA25227157950003CFBC /* Seattle Commons MapTests.xctest */;
			productType = "com.apple.product-type.bundle.unit-test";
		};
/* End PBXNativeTarget section */

/* Begin PBXProject section */
		4CACFA06227157910003CFBC /* Project object */ = {
			isa = PBXProject;
			attributes = {
				LastSwiftUpdateCheck = 1020;
				LastUpgradeCheck = 1020;
				ORGANIZATIONNAME = "Michael Rockhold";
				TargetAttributes = {
					4CACFA0D227157920003CFBC = {
						CreatedOnToolsVersion = 10.2.1;
					};
					4CACFA24227157950003CFBC = {
						CreatedOnToolsVersion = 10.2.1;
						TestTargetID = 4CACFA0D227157920003CFBC;
					};
				};
			};
			buildConfigurationList = 4CACFA09227157910003CFBC /* Build configuration list for PBXProject "Seattle Commons Map" */;
			compatibilityVersion = "Xcode 9.3";
			developmentRegion = en;
			hasScannedForEncodings = 0;
			knownRegions = (
				en,
				Base,
			);
			mainGroup = 4CACFA05227157910003CFBC;
			productRefGroup = 4CACFA0F227157920003CFBC /* Products */;
			projectDirPath = "";
			projectRoot = "";
			targets = (
				4CACFA0D227157920003CFBC /* Seattle Commons Map */,
				4CACFA24227157950003CFBC /* Seattle Commons MapTests */,
			);
		};
/* End PBXProject section */

/* Begin PBXResourcesBuildPhase section */
		4CACFA0C227157920003CFBC /* Resources */ = {
			isa = PBXResourcesBuildPhase;
			buildActionMask = 2147483647;
			files = (
				4C8CA59522724D3600D7D487 /* features.geojson in Resources */,
				4CACFA1F227157950003CFBC /* LaunchScreen.storyboard in Resources */,
				4C8CA5982272698A00D7D487 /* README.md in Resources */,
				4CACFA1C227157950003CFBC /* Assets.xcassets in Resources */,
			);
			runOnlyForDeploymentPostprocessing = 0;
		};
		4CACFA23227157950003CFBC /* Resources */ = {
			isa = PBXResourcesBuildPhase;
			buildActionMask = 2147483647;
			files = (
			);
			runOnlyForDeploymentPostprocessing = 0;
		};
/* End PBXResourcesBuildPhase section */

/* Begin PBXShellScriptBuildPhase section */
		6FE137EC38BBB48C4062F867 /* [CP] Embed Pods Frameworks */ = {
			isa = PBXShellScriptBuildPhase;
			buildActionMask = 2147483647;
			files = (
			);
			inputPaths = (
				"${SRCROOT}/Pods/Target Support Files/Pods-Seattle Commons Map/Pods-Seattle Commons Map-frameworks.sh",
				"${PODS_ROOT}/Mapbox-iOS-SDK/dynamic/Mapbox.framework",
				"${PODS_ROOT}/Mapbox-iOS-SDK/dynamic/Mapbox.framework.dSYM",
			);
			name = "[CP] Embed Pods Frameworks";
			outputPaths = (
				"${TARGET_BUILD_DIR}/${FRAMEWORKS_FOLDER_PATH}/Mapbox.framework",
				"${DWARF_DSYM_FOLDER_PATH}/Mapbox.framework.dSYM",
			);
			runOnlyForDeploymentPostprocessing = 0;
			shellPath = /bin/sh;
			shellScript = "\"${SRCROOT}/Pods/Target Support Files/Pods-Seattle Commons Map/Pods-Seattle Commons Map-frameworks.sh\"\n";
			showEnvVarsInLog = 0;
		};
		AFD4F6CBD4C4CA182EB75E3A /* [CP] Check Pods Manifest.lock */ = {
			isa = PBXShellScriptBuildPhase;
			buildActionMask = 2147483647;
			files = (
			);
			inputPaths = (
				"${PODS_PODFILE_DIR_PATH}/Podfile.lock",
				"${PODS_ROOT}/Manifest.lock",
			);
			name = "[CP] Check Pods Manifest.lock";
			outputPaths = (
				"$(DERIVED_FILE_DIR)/Pods-Seattle Commons Map-checkManifestLockResult.txt",
			);
			runOnlyForDeploymentPostprocessing = 0;
			shellPath = /bin/sh;
			shellScript = "diff \"${PODS_PODFILE_DIR_PATH}/Podfile.lock\" \"${PODS_ROOT}/Manifest.lock\" > /dev/null\nif [ $? != 0 ] ; then\n    # print error to STDERR\n    echo \"error: The sandbox is not in sync with the Podfile.lock. Run 'pod install' or update your CocoaPods installation.\" >&2\n    exit 1\nfi\n# This output is used by Xcode 'outputs' to avoid re-running this script phase.\necho \"SUCCESS\" > \"${SCRIPT_OUTPUT_FILE_0}\"\n";
			showEnvVarsInLog = 0;
		};
		EE72C7080D2F1C9200452EC6 /* [CP] Check Pods Manifest.lock */ = {
			isa = PBXShellScriptBuildPhase;
			buildActionMask = 2147483647;
			files = (
			);
			inputPaths = (
				"${PODS_PODFILE_DIR_PATH}/Podfile.lock",
				"${PODS_ROOT}/Manifest.lock",
			);
			name = "[CP] Check Pods Manifest.lock";
			outputPaths = (
				"$(DERIVED_FILE_DIR)/Pods-Seattle Commons MapTests-checkManifestLockResult.txt",
			);
			runOnlyForDeploymentPostprocessing = 0;
			shellPath = /bin/sh;
			shellScript = "diff \"${PODS_PODFILE_DIR_PATH}/Podfile.lock\" \"${PODS_ROOT}/Manifest.lock\" > /dev/null\nif [ $? != 0 ] ; then\n    # print error to STDERR\n    echo \"error: The sandbox is not in sync with the Podfile.lock. Run 'pod install' or update your CocoaPods installation.\" >&2\n    exit 1\nfi\n# This output is used by Xcode 'outputs' to avoid re-running this script phase.\necho \"SUCCESS\" > \"${SCRIPT_OUTPUT_FILE_0}\"\n";
			showEnvVarsInLog = 0;
		};
/* End PBXShellScriptBuildPhase section */

/* Begin PBXSourcesBuildPhase section */
		4CACFA0A227157920003CFBC /* Sources */ = {
			isa = PBXSourcesBuildPhase;
			buildActionMask = 2147483647;
			files = (
				4CACFA14227157920003CFBC /* MapViewController.swift in Sources */,
				4CACFA1A227157920003CFBC /* Seattle_Commons_Map.xcdatamodeld in Sources */,
				4CE169DA2272288D00AF1E82 /* MapDataSource.swift in Sources */,
				4CACFA12227157920003CFBC /* AppDelegate.swift in Sources */,
			);
			runOnlyForDeploymentPostprocessing = 0;
		};
		4CACFA21227157950003CFBC /* Sources */ = {
			isa = PBXSourcesBuildPhase;
			buildActionMask = 2147483647;
			files = (
				4CACFA2A227157950003CFBC /* Seattle_Commons_MapTests.swift in Sources */,
			);
			runOnlyForDeploymentPostprocessing = 0;
		};
/* End PBXSourcesBuildPhase section */

/* Begin PBXTargetDependency section */
		4CACFA27227157950003CFBC /* PBXTargetDependency */ = {
			isa = PBXTargetDependency;
			target = 4CACFA0D227157920003CFBC /* Seattle Commons Map */;
			targetProxy = 4CACFA26227157950003CFBC /* PBXContainerItemProxy */;
		};
/* End PBXTargetDependency section */

/* Begin PBXVariantGroup section */
		4CACFA1D227157950003CFBC /* LaunchScreen.storyboard */ = {
			isa = PBXVariantGroup;
			children = (
				4CACFA1E227157950003CFBC /* Base */,
			);
			name = LaunchScreen.storyboard;
			sourceTree = "<group>";
		};
/* End PBXVariantGroup section */

/* Begin XCBuildConfiguration section */
		4CACFA2C227157950003CFBC /* Debug */ = {
			isa = XCBuildConfiguration;
			buildSettings = {
				ALWAYS_SEARCH_USER_PATHS = NO;
				CLANG_ANALYZER_NONNULL = YES;
				CLANG_ANALYZER_NUMBER_OBJECT_CONVERSION = YES_AGGRESSIVE;
				CLANG_CXX_LANGUAGE_STANDARD = "gnu++14";
				CLANG_CXX_LIBRARY = "libc++";
				CLANG_ENABLE_MODULES = YES;
				CLANG_ENABLE_OBJC_ARC = YES;
				CLANG_ENABLE_OBJC_WEAK = YES;
				CLANG_WARN_BLOCK_CAPTURE_AUTORELEASING = YES;
				CLANG_WARN_BOOL_CONVERSION = YES;
				CLANG_WARN_COMMA = YES;
				CLANG_WARN_CONSTANT_CONVERSION = YES;
				CLANG_WARN_DEPRECATED_OBJC_IMPLEMENTATIONS = YES;
				CLANG_WARN_DIRECT_OBJC_ISA_USAGE = YES_ERROR;
				CLANG_WARN_DOCUMENTATION_COMMENTS = YES;
				CLANG_WARN_EMPTY_BODY = YES;
				CLANG_WARN_ENUM_CONVERSION = YES;
				CLANG_WARN_INFINITE_RECURSION = YES;
				CLANG_WARN_INT_CONVERSION = YES;
				CLANG_WARN_NON_LITERAL_NULL_CONVERSION = YES;
				CLANG_WARN_OBJC_IMPLICIT_RETAIN_SELF = YES;
				CLANG_WARN_OBJC_LITERAL_CONVERSION = YES;
				CLANG_WARN_OBJC_ROOT_CLASS = YES_ERROR;
				CLANG_WARN_RANGE_LOOP_ANALYSIS = YES;
				CLANG_WARN_STRICT_PROTOTYPES = YES;
				CLANG_WARN_SUSPICIOUS_MOVE = YES;
				CLANG_WARN_UNGUARDED_AVAILABILITY = YES_AGGRESSIVE;
				CLANG_WARN_UNREACHABLE_CODE = YES;
				CLANG_WARN__DUPLICATE_METHOD_MATCH = YES;
				CODE_SIGN_IDENTITY = "iPhone Developer";
				COPY_PHASE_STRIP = NO;
				DEBUG_INFORMATION_FORMAT = dwarf;
				ENABLE_STRICT_OBJC_MSGSEND = YES;
				ENABLE_TESTABILITY = YES;
				GCC_C_LANGUAGE_STANDARD = gnu11;
				GCC_DYNAMIC_NO_PIC = NO;
				GCC_NO_COMMON_BLOCKS = YES;
				GCC_OPTIMIZATION_LEVEL = 0;
				GCC_PREPROCESSOR_DEFINITIONS = (
					"DEBUG=1",
					"$(inherited)",
				);
				GCC_WARN_64_TO_32_BIT_CONVERSION = YES;
				GCC_WARN_ABOUT_RETURN_TYPE = YES_ERROR;
				GCC_WARN_UNDECLARED_SELECTOR = YES;
				GCC_WARN_UNINITIALIZED_AUTOS = YES_AGGRESSIVE;
				GCC_WARN_UNUSED_FUNCTION = YES;
				GCC_WARN_UNUSED_VARIABLE = YES;
				IPHONEOS_DEPLOYMENT_TARGET = 12.2;
				MTL_ENABLE_DEBUG_INFO = INCLUDE_SOURCE;
				MTL_FAST_MATH = YES;
				ONLY_ACTIVE_ARCH = YES;
				SDKROOT = iphoneos;
				SWIFT_ACTIVE_COMPILATION_CONDITIONS = DEBUG;
				SWIFT_OPTIMIZATION_LEVEL = "-Onone";
			};
			name = Debug;
		};
		4CACFA2D227157950003CFBC /* Release */ = {
			isa = XCBuildConfiguration;
			buildSettings = {
				ALWAYS_SEARCH_USER_PATHS = NO;
				CLANG_ANALYZER_NONNULL = YES;
				CLANG_ANALYZER_NUMBER_OBJECT_CONVERSION = YES_AGGRESSIVE;
				CLANG_CXX_LANGUAGE_STANDARD = "gnu++14";
				CLANG_CXX_LIBRARY = "libc++";
				CLANG_ENABLE_MODULES = YES;
				CLANG_ENABLE_OBJC_ARC = YES;
				CLANG_ENABLE_OBJC_WEAK = YES;
				CLANG_WARN_BLOCK_CAPTURE_AUTORELEASING = YES;
				CLANG_WARN_BOOL_CONVERSION = YES;
				CLANG_WARN_COMMA = YES;
				CLANG_WARN_CONSTANT_CONVERSION = YES;
				CLANG_WARN_DEPRECATED_OBJC_IMPLEMENTATIONS = YES;
				CLANG_WARN_DIRECT_OBJC_ISA_USAGE = YES_ERROR;
				CLANG_WARN_DOCUMENTATION_COMMENTS = YES;
				CLANG_WARN_EMPTY_BODY = YES;
				CLANG_WARN_ENUM_CONVERSION = YES;
				CLANG_WARN_INFINITE_RECURSION = YES;
				CLANG_WARN_INT_CONVERSION = YES;
				CLANG_WARN_NON_LITERAL_NULL_CONVERSION = YES;
				CLANG_WARN_OBJC_IMPLICIT_RETAIN_SELF = YES;
				CLANG_WARN_OBJC_LITERAL_CONVERSION = YES;
				CLANG_WARN_OBJC_ROOT_CLASS = YES_ERROR;
				CLANG_WARN_RANGE_LOOP_ANALYSIS = YES;
				CLANG_WARN_STRICT_PROTOTYPES = YES;
				CLANG_WARN_SUSPICIOUS_MOVE = YES;
				CLANG_WARN_UNGUARDED_AVAILABILITY = YES_AGGRESSIVE;
				CLANG_WARN_UNREACHABLE_CODE = YES;
				CLANG_WARN__DUPLICATE_METHOD_MATCH = YES;
				CODE_SIGN_IDENTITY = "iPhone Developer";
				COPY_PHASE_STRIP = NO;
				DEBUG_INFORMATION_FORMAT = "dwarf-with-dsym";
				ENABLE_NS_ASSERTIONS = NO;
				ENABLE_STRICT_OBJC_MSGSEND = YES;
				GCC_C_LANGUAGE_STANDARD = gnu11;
				GCC_NO_COMMON_BLOCKS = YES;
				GCC_WARN_64_TO_32_BIT_CONVERSION = YES;
				GCC_WARN_ABOUT_RETURN_TYPE = YES_ERROR;
				GCC_WARN_UNDECLARED_SELECTOR = YES;
				GCC_WARN_UNINITIALIZED_AUTOS = YES_AGGRESSIVE;
				GCC_WARN_UNUSED_FUNCTION = YES;
				GCC_WARN_UNUSED_VARIABLE = YES;
				IPHONEOS_DEPLOYMENT_TARGET = 12.2;
				MTL_ENABLE_DEBUG_INFO = NO;
				MTL_FAST_MATH = YES;
				SDKROOT = iphoneos;
				SWIFT_COMPILATION_MODE = wholemodule;
				SWIFT_OPTIMIZATION_LEVEL = "-O";
				VALIDATE_PRODUCT = YES;
			};
			name = Release;
		};
		4CACFA2F227157950003CFBC /* Debug */ = {
			isa = XCBuildConfiguration;
			baseConfigurationReference = 05C671CAA6B6570DD94EC383 /* Pods-Seattle Commons Map.debug.xcconfig */;
			buildSettings = {
				ASSETCATALOG_COMPILER_APPICON_NAME = AppIcon;
				CODE_SIGN_STYLE = Automatic;
				DEVELOPMENT_TEAM = MYU6NE7WY6;
				INFOPLIST_FILE = "Seattle Commons Map/Info.plist";
				LD_RUNPATH_SEARCH_PATHS = (
					"$(inherited)",
					"@executable_path/Frameworks",
				);
				MAPBOXACCESSTOKEN = "set this to your MGMapboxAccessToken from your MB account";
				PRODUCT_BUNDLE_IDENTIFIER = "org.appel-rockhold.Seattle-Commons-Map";
				PRODUCT_NAME = "$(TARGET_NAME)";
				SWIFT_VERSION = 5.0;
				TARGETED_DEVICE_FAMILY = "1,2";
			};
			name = Debug;
		};
		4CACFA30227157950003CFBC /* Release */ = {
			isa = XCBuildConfiguration;
			baseConfigurationReference = A5A2EDB3611D60ADDCF95E74 /* Pods-Seattle Commons Map.release.xcconfig */;
			buildSettings = {
				ASSETCATALOG_COMPILER_APPICON_NAME = AppIcon;
				CODE_SIGN_STYLE = Automatic;
				DEVELOPMENT_TEAM = MYU6NE7WY6;
				INFOPLIST_FILE = "Seattle Commons Map/Info.plist";
				LD_RUNPATH_SEARCH_PATHS = (
					"$(inherited)",
					"@executable_path/Frameworks",
				);
				MAPBOXACCESSTOKEN = "set this to your MGMapboxAccessToken from your MB account";
				PRODUCT_BUNDLE_IDENTIFIER = "org.appel-rockhold.Seattle-Commons-Map";
				PRODUCT_NAME = "$(TARGET_NAME)";
				SWIFT_VERSION = 5.0;
				TARGETED_DEVICE_FAMILY = "1,2";
			};
			name = Release;
		};
		4CACFA32227157950003CFBC /* Debug */ = {
			isa = XCBuildConfiguration;
			baseConfigurationReference = 045C57239404D7214507B26B /* Pods-Seattle Commons MapTests.debug.xcconfig */;
			buildSettings = {
				ALWAYS_EMBED_SWIFT_STANDARD_LIBRARIES = YES;
				BUNDLE_LOADER = "$(TEST_HOST)";
				CODE_SIGN_STYLE = Automatic;
				DEVELOPMENT_TEAM = MYU6NE7WY6;
				INFOPLIST_FILE = "Seattle Commons MapTests/Info.plist";
				LD_RUNPATH_SEARCH_PATHS = (
					"$(inherited)",
					"@executable_path/Frameworks",
					"@loader_path/Frameworks",
				);
				PRODUCT_BUNDLE_IDENTIFIER = "org.appel-rockhold.Seattle-Commons-MapTests";
				PRODUCT_NAME = "$(TARGET_NAME)";
				SWIFT_VERSION = 5.0;
				TARGETED_DEVICE_FAMILY = "1,2";
				TEST_HOST = "$(BUILT_PRODUCTS_DIR)/Seattle Commons Map.app/Seattle Commons Map";
			};
			name = Debug;
		};
		4CACFA33227157950003CFBC /* Release */ = {
			isa = XCBuildConfiguration;
			baseConfigurationReference = 9D0EEC227842EC4D71616A37 /* Pods-Seattle Commons MapTests.release.xcconfig */;
			buildSettings = {
				ALWAYS_EMBED_SWIFT_STANDARD_LIBRARIES = YES;
				BUNDLE_LOADER = "$(TEST_HOST)";
				CODE_SIGN_STYLE = Automatic;
				DEVELOPMENT_TEAM = MYU6NE7WY6;
				INFOPLIST_FILE = "Seattle Commons MapTests/Info.plist";
				LD_RUNPATH_SEARCH_PATHS = (
					"$(inherited)",
					"@executable_path/Frameworks",
					"@loader_path/Frameworks",
				);
				PRODUCT_BUNDLE_IDENTIFIER = "org.appel-rockhold.Seattle-Commons-MapTests";
				PRODUCT_NAME = "$(TARGET_NAME)";
				SWIFT_VERSION = 5.0;
				TARGETED_DEVICE_FAMILY = "1,2";
				TEST_HOST = "$(BUILT_PRODUCTS_DIR)/Seattle Commons Map.app/Seattle Commons Map";
			};
			name = Release;
		};
/* End XCBuildConfiguration section */

/* Begin XCConfigurationList section */
		4CACFA09227157910003CFBC /* Build configuration list for PBXProject "Seattle Commons Map" */ = {
			isa = XCConfigurationList;
			buildConfigurations = (
				4CACFA2C227157950003CFBC /* Debug */,
				4CACFA2D227157950003CFBC /* Release */,
			);
			defaultConfigurationIsVisible = 0;
			defaultConfigurationName = Release;
		};
		4CACFA2E227157950003CFBC /* Build configuration list for PBXNativeTarget "Seattle Commons Map" */ = {
			isa = XCConfigurationList;
			buildConfigurations = (
				4CACFA2F227157950003CFBC /* Debug */,
				4CACFA30227157950003CFBC /* Release */,
			);
			defaultConfigurationIsVisible = 0;
			defaultConfigurationName = Release;
		};
		4CACFA31227157950003CFBC /* Build configuration list for PBXNativeTarget "Seattle Commons MapTests" */ = {
			isa = XCConfigurationList;
			buildConfigurations = (
				4CACFA32227157950003CFBC /* Debug */,
				4CACFA33227157950003CFBC /* Release */,
			);
			defaultConfigurationIsVisible = 0;
			defaultConfigurationName = Release;
		};
/* End XCConfigurationList section */

/* Begin XCVersionGroup section */
		4CACFA18227157920003CFBC /* Seattle_Commons_Map.xcdatamodeld */ = {
			isa = XCVersionGroup;
			children = (
				4CACFA19227157920003CFBC /* Seattle_Commons_Map.xcdatamodel */,
			);
			currentVersion = 4CACFA19227157920003CFBC /* Seattle_Commons_Map.xcdatamodel */;
			path = Seattle_Commons_Map.xcdatamodeld;
			sourceTree = "<group>";
			versionGroupType = wrapper.xcdatamodel;
		};
/* End XCVersionGroup section */
	};
	rootObject = 4CACFA06227157910003CFBC /* Project object */;
}
